// !$*UTF8*$!
{
	archiveVersion = 1;
	classes = {
	};
	objectVersion = 51;
	objects = {

/* Begin PBXBuildFile section */
		0D127EDD245AF4420020E3FF /* TaskListViewController.swift in Sources */ = {isa = PBXBuildFile; fileRef = 0D127EDC245AF4420020E3FF /* TaskListViewController.swift */; };
		0D14C71A2456D855009D4E2F /* CustomeTableViewCell.swift in Sources */ = {isa = PBXBuildFile; fileRef = 0D14C7192456D855009D4E2F /* CustomeTableViewCell.swift */; };
		0D806D1A244F7F8A0071E10A /* ActiveListViewController.swift in Sources */ = {isa = PBXBuildFile; fileRef = 0D806D19244F7F8A0071E10A /* ActiveListViewController.swift */; };
		0D806D1C244F817D0071E10A /* Item.swift in Sources */ = {isa = PBXBuildFile; fileRef = 0D806D1B244F817C0071E10A /* Item.swift */; };
		0D9A322A245DFD40002A0082 /* CustomeItemTableViewCell.swift in Sources */ = {isa = PBXBuildFile; fileRef = 0D9A3229245DFD40002A0082 /* CustomeItemTableViewCell.swift */; };
		0DB1C6DA244A853B005CD4B3 /* Onboarding.storyboard in Resources */ = {isa = PBXBuildFile; fileRef = 0DB1C6D9244A853B005CD4B3 /* Onboarding.storyboard */; };
		0DB1C6DC244A854F005CD4B3 /* OnboardingContentViewController.swift in Sources */ = {isa = PBXBuildFile; fileRef = 0DB1C6DB244A854F005CD4B3 /* OnboardingContentViewController.swift */; };
		0DB1C6DE244A857A005CD4B3 /* OnboardingPageViewController.swift in Sources */ = {isa = PBXBuildFile; fileRef = 0DB1C6DD244A857A005CD4B3 /* OnboardingPageViewController.swift */; };
		0DB1C6E0244A8595005CD4B3 /* OnboardingViewController.swift in Sources */ = {isa = PBXBuildFile; fileRef = 0DB1C6DF244A8595005CD4B3 /* OnboardingViewController.swift */; };
		0DCA21D9245B20F80093155A /* NewTaskListViewController.swift in Sources */ = {isa = PBXBuildFile; fileRef = 0DCA21D8245B20F80093155A /* NewTaskListViewController.swift */; };
		0DCA21DB245B27610093155A /* AddNewItemViewController.swift in Sources */ = {isa = PBXBuildFile; fileRef = 0DCA21DA245B27610093155A /* AddNewItemViewController.swift */; };
		0DCFAADD244D619900442AE6 /* HomeViewController.swift in Sources */ = {isa = PBXBuildFile; fileRef = 0DCFAADC244D619900442AE6 /* HomeViewController.swift */; };
		0DE9374E244921E900EC702B /* AppDelegate.swift in Sources */ = {isa = PBXBuildFile; fileRef = 0DE9374D244921E900EC702B /* AppDelegate.swift */; };
		0DE93750244921E900EC702B /* SceneDelegate.swift in Sources */ = {isa = PBXBuildFile; fileRef = 0DE9374F244921E900EC702B /* SceneDelegate.swift */; };
		0DE93755244921E900EC702B /* Main.storyboard in Resources */ = {isa = PBXBuildFile; fileRef = 0DE93753244921E900EC702B /* Main.storyboard */; };
		0DE937572449220000EC702B /* Assets.xcassets in Resources */ = {isa = PBXBuildFile; fileRef = 0DE937562449220000EC702B /* Assets.xcassets */; };
		0DE9375A2449220000EC702B /* LaunchScreen.storyboard in Resources */ = {isa = PBXBuildFile; fileRef = 0DE937582449220000EC702B /* LaunchScreen.storyboard */; };
		0DE937622449270000EC702B /* Catagory.swift in Sources */ = {isa = PBXBuildFile; fileRef = 0DE937612449270000EC702B /* Catagory.swift */; };
		0DE937642449272B00EC702B /* Task.swift in Sources */ = {isa = PBXBuildFile; fileRef = 0DE937632449272B00EC702B /* Task.swift */; };
		0DE937662449275400EC702B /* IconTableViewController.swift in Sources */ = {isa = PBXBuildFile; fileRef = 0DE937652449275400EC702B /* IconTableViewController.swift */; };
		36B6977991577CA491B12B9F /* Pods_Chaya.framework in Frameworks */ = {isa = PBXBuildFile; fileRef = D2EA24789010F3D1AC9FC076 /* Pods_Chaya.framework */; };
/* End PBXBuildFile section */

/* Begin PBXFileReference section */
		0D127EDC245AF4420020E3FF /* TaskListViewController.swift */ = {isa = PBXFileReference; lastKnownFileType = sourcecode.swift; path = TaskListViewController.swift; sourceTree = "<group>"; };
		0D14C7192456D855009D4E2F /* CustomeTableViewCell.swift */ = {isa = PBXFileReference; lastKnownFileType = sourcecode.swift; path = CustomeTableViewCell.swift; sourceTree = "<group>"; };
		0D806D19244F7F8A0071E10A /* ActiveListViewController.swift */ = {isa = PBXFileReference; lastKnownFileType = sourcecode.swift; path = ActiveListViewController.swift; sourceTree = "<group>"; };
		0D806D1B244F817C0071E10A /* Item.swift */ = {isa = PBXFileReference; lastKnownFileType = sourcecode.swift; path = Item.swift; sourceTree = "<group>"; };
		0D9A3229245DFD40002A0082 /* CustomeItemTableViewCell.swift */ = {isa = PBXFileReference; lastKnownFileType = sourcecode.swift; path = CustomeItemTableViewCell.swift; sourceTree = "<group>"; };
		0DB1C6D9244A853B005CD4B3 /* Onboarding.storyboard */ = {isa = PBXFileReference; fileEncoding = 4; lastKnownFileType = file.storyboard; path = Onboarding.storyboard; sourceTree = "<group>"; };
		0DB1C6DB244A854F005CD4B3 /* OnboardingContentViewController.swift */ = {isa = PBXFileReference; lastKnownFileType = sourcecode.swift; path = OnboardingContentViewController.swift; sourceTree = "<group>"; };
		0DB1C6DD244A857A005CD4B3 /* OnboardingPageViewController.swift */ = {isa = PBXFileReference; lastKnownFileType = sourcecode.swift; path = OnboardingPageViewController.swift; sourceTree = "<group>"; };
		0DB1C6DF244A8595005CD4B3 /* OnboardingViewController.swift */ = {isa = PBXFileReference; lastKnownFileType = sourcecode.swift; path = OnboardingViewController.swift; sourceTree = "<group>"; };
		0DCA21D8245B20F80093155A /* NewTaskListViewController.swift */ = {isa = PBXFileReference; lastKnownFileType = sourcecode.swift; path = NewTaskListViewController.swift; sourceTree = "<group>"; };
		0DCA21DA245B27610093155A /* AddNewItemViewController.swift */ = {isa = PBXFileReference; lastKnownFileType = sourcecode.swift; path = AddNewItemViewController.swift; sourceTree = "<group>"; };
		0DCFAADC244D619900442AE6 /* HomeViewController.swift */ = {isa = PBXFileReference; lastKnownFileType = sourcecode.swift; path = HomeViewController.swift; sourceTree = "<group>"; };
		0DE9374A244921E900EC702B /* Chaya.app */ = {isa = PBXFileReference; explicitFileType = wrapper.application; includeInIndex = 0; path = Chaya.app; sourceTree = BUILT_PRODUCTS_DIR; };
		0DE9374D244921E900EC702B /* AppDelegate.swift */ = {isa = PBXFileReference; lastKnownFileType = sourcecode.swift; path = AppDelegate.swift; sourceTree = "<group>"; };
		0DE9374F244921E900EC702B /* SceneDelegate.swift */ = {isa = PBXFileReference; lastKnownFileType = sourcecode.swift; path = SceneDelegate.swift; sourceTree = "<group>"; };
		0DE93754244921E900EC702B /* Base */ = {isa = PBXFileReference; lastKnownFileType = file.storyboard; name = Base; path = Base.lproj/Main.storyboard; sourceTree = "<group>"; };
		0DE937562449220000EC702B /* Assets.xcassets */ = {isa = PBXFileReference; lastKnownFileType = folder.assetcatalog; path = Assets.xcassets; sourceTree = "<group>"; };
		0DE937592449220000EC702B /* Base */ = {isa = PBXFileReference; lastKnownFileType = file.storyboard; name = Base; path = Base.lproj/LaunchScreen.storyboard; sourceTree = "<group>"; };
		0DE9375B2449220000EC702B /* Info.plist */ = {isa = PBXFileReference; lastKnownFileType = text.plist.xml; path = Info.plist; sourceTree = "<group>"; };
		0DE937612449270000EC702B /* Catagory.swift */ = {isa = PBXFileReference; lastKnownFileType = sourcecode.swift; path = Catagory.swift; sourceTree = "<group>"; };
		0DE937632449272B00EC702B /* Task.swift */ = {isa = PBXFileReference; lastKnownFileType = sourcecode.swift; path = Task.swift; sourceTree = "<group>"; };
		0DE937652449275400EC702B /* IconTableViewController.swift */ = {isa = PBXFileReference; lastKnownFileType = sourcecode.swift; path = IconTableViewController.swift; sourceTree = "<group>"; };
		5CFD03B94B3F45EDC63F7ED9 /* Pods-Chaya.release.xcconfig */ = {isa = PBXFileReference; includeInIndex = 1; lastKnownFileType = text.xcconfig; name = "Pods-Chaya.release.xcconfig"; path = "Target Support Files/Pods-Chaya/Pods-Chaya.release.xcconfig"; sourceTree = "<group>"; };
		CC154C56730005C8295B0B9C /* Pods-Chaya.debug.xcconfig */ = {isa = PBXFileReference; includeInIndex = 1; lastKnownFileType = text.xcconfig; name = "Pods-Chaya.debug.xcconfig"; path = "Target Support Files/Pods-Chaya/Pods-Chaya.debug.xcconfig"; sourceTree = "<group>"; };
		D2EA24789010F3D1AC9FC076 /* Pods_Chaya.framework */ = {isa = PBXFileReference; explicitFileType = wrapper.framework; includeInIndex = 0; path = Pods_Chaya.framework; sourceTree = BUILT_PRODUCTS_DIR; };
/* End PBXFileReference section */

/* Begin PBXFrameworksBuildPhase section */
		0DE93747244921E900EC702B /* Frameworks */ = {
			isa = PBXFrameworksBuildPhase;
			buildActionMask = 2147483647;
			files = (
				36B6977991577CA491B12B9F /* Pods_Chaya.framework in Frameworks */,
			);
			runOnlyForDeploymentPostprocessing = 0;
		};
/* End PBXFrameworksBuildPhase section */

/* Begin PBXGroup section */
		0DE93741244921E800EC702B = {
			isa = PBXGroup;
			children = (
				0DE9374C244921E900EC702B /* Chaya */,
				0DE9374B244921E900EC702B /* Products */,
				CBCC009CB80E590C786D2DE5 /* Pods */,
				C2CE6F0AC96E555961968C55 /* Frameworks */,
			);
			sourceTree = "<group>";
		};
		0DE9374B244921E900EC702B /* Products */ = {
			isa = PBXGroup;
			children = (
				0DE9374A244921E900EC702B /* Chaya.app */,
			);
			name = Products;
			sourceTree = "<group>";
		};
		0DE9374C244921E900EC702B /* Chaya */ = {
			isa = PBXGroup;
			children = (
				0DE9374D244921E900EC702B /* AppDelegate.swift */,
				0DE9374F244921E900EC702B /* SceneDelegate.swift */,
				0DE93753244921E900EC702B /* Main.storyboard */,
				0DE937562449220000EC702B /* Assets.xcassets */,
				0DE937582449220000EC702B /* LaunchScreen.storyboard */,
				0DE9375B2449220000EC702B /* Info.plist */,
				0DE937612449270000EC702B /* Catagory.swift */,
				0DE937632449272B00EC702B /* Task.swift */,
				0D806D1B244F817C0071E10A /* Item.swift */,
				0DB1C6D9244A853B005CD4B3 /* Onboarding.storyboard */,
				0DB1C6DB244A854F005CD4B3 /* OnboardingContentViewController.swift */,
				0DB1C6DD244A857A005CD4B3 /* OnboardingPageViewController.swift */,
				0DB1C6DF244A8595005CD4B3 /* OnboardingViewController.swift */,
				0DCFAADC244D619900442AE6 /* HomeViewController.swift */,
				0D806D19244F7F8A0071E10A /* ActiveListViewController.swift */,
				0D127EDC245AF4420020E3FF /* TaskListViewController.swift */,
				0D14C7192456D855009D4E2F /* CustomeTableViewCell.swift */,
				0D9A3229245DFD40002A0082 /* CustomeItemTableViewCell.swift */,
				0DCA21D8245B20F80093155A /* NewTaskListViewController.swift */,
				0DCA21DA245B27610093155A /* AddNewItemViewController.swift */,
				0DE937652449275400EC702B /* IconTableViewController.swift */,
			);
			path = Chaya;
			sourceTree = "<group>";
		};
		C2CE6F0AC96E555961968C55 /* Frameworks */ = {
			isa = PBXGroup;
			children = (
				D2EA24789010F3D1AC9FC076 /* Pods_Chaya.framework */,
			);
			name = Frameworks;
			sourceTree = "<group>";
		};
		CBCC009CB80E590C786D2DE5 /* Pods */ = {
			isa = PBXGroup;
			children = (
				CC154C56730005C8295B0B9C /* Pods-Chaya.debug.xcconfig */,
				5CFD03B94B3F45EDC63F7ED9 /* Pods-Chaya.release.xcconfig */,
			);
			path = Pods;
			sourceTree = "<group>";
		};
/* End PBXGroup section */

/* Begin PBXNativeTarget section */
		0DE93749244921E900EC702B /* Chaya */ = {
			isa = PBXNativeTarget;
			buildConfigurationList = 0DE9375E2449220000EC702B /* Build configuration list for PBXNativeTarget "Chaya" */;
			buildPhases = (
				D8272F48A8916B6279BB18EA /* [CP] Check Pods Manifest.lock */,
				0DE93746244921E900EC702B /* Sources */,
				0DE93747244921E900EC702B /* Frameworks */,
				0DE93748244921E900EC702B /* Resources */,
				FB8B7FF8ECB1A1EBBB2727B2 /* [CP] Embed Pods Frameworks */,
			);
			buildRules = (
			);
			dependencies = (
			);
			name = Chaya;
			productName = Chaya;
			productReference = 0DE9374A244921E900EC702B /* Chaya.app */;
			productType = "com.apple.product-type.application";
		};
/* End PBXNativeTarget section */

/* Begin PBXProject section */
		0DE93742244921E800EC702B /* Project object */ = {
			isa = PBXProject;
			attributes = {
				LastSwiftUpdateCheck = 1130;
				LastUpgradeCheck = 1130;
				ORGANIZATIONNAME = Mog;
				TargetAttributes = {
					0DE93749244921E900EC702B = {
						CreatedOnToolsVersion = 11.3.1;
					};
				};
			};
			buildConfigurationList = 0DE93745244921E800EC702B /* Build configuration list for PBXProject "Chaya" */;
			compatibilityVersion = "Xcode 9.3";
			developmentRegion = en;
			hasScannedForEncodings = 0;
			knownRegions = (
				en,
				Base,
			);
			mainGroup = 0DE93741244921E800EC702B;
			productRefGroup = 0DE9374B244921E900EC702B /* Products */;
			projectDirPath = "";
			projectRoot = "";
			targets = (
				0DE93749244921E900EC702B /* Chaya */,
			);
		};
/* End PBXProject section */

/* Begin PBXResourcesBuildPhase section */
		0DE93748244921E900EC702B /* Resources */ = {
			isa = PBXResourcesBuildPhase;
			buildActionMask = 2147483647;
			files = (
				0DE9375A2449220000EC702B /* LaunchScreen.storyboard in Resources */,
				0DE937572449220000EC702B /* Assets.xcassets in Resources */,
				0DE93755244921E900EC702B /* Main.storyboard in Resources */,
				0DB1C6DA244A853B005CD4B3 /* Onboarding.storyboard in Resources */,
			);
			runOnlyForDeploymentPostprocessing = 0;
		};
/* End PBXResourcesBuildPhase section */

/* Begin PBXShellScriptBuildPhase section */
		D8272F48A8916B6279BB18EA /* [CP] Check Pods Manifest.lock */ = {
			isa = PBXShellScriptBuildPhase;
			buildActionMask = 2147483647;
			files = (
			);
			inputFileListPaths = (
			);
			inputPaths = (
				"${PODS_PODFILE_DIR_PATH}/Podfile.lock",
				"${PODS_ROOT}/Manifest.lock",
			);
			name = "[CP] Check Pods Manifest.lock";
			outputFileListPaths = (
			);
			outputPaths = (
				"$(DERIVED_FILE_DIR)/Pods-Chaya-checkManifestLockResult.txt",
			);
			runOnlyForDeploymentPostprocessing = 0;
			shellPath = /bin/sh;
			shellScript = "diff \"${PODS_PODFILE_DIR_PATH}/Podfile.lock\" \"${PODS_ROOT}/Manifest.lock\" > /dev/null\nif [ $? != 0 ] ; then\n    # print error to STDERR\n    echo \"error: The sandbox is not in sync with the Podfile.lock. Run 'pod install' or update your CocoaPods installation.\" >&2\n    exit 1\nfi\n# This output is used by Xcode 'outputs' to avoid re-running this script phase.\necho \"SUCCESS\" > \"${SCRIPT_OUTPUT_FILE_0}\"\n";
			showEnvVarsInLog = 0;
		};
		FB8B7FF8ECB1A1EBBB2727B2 /* [CP] Embed Pods Frameworks */ = {
			isa = PBXShellScriptBuildPhase;
			buildActionMask = 2147483647;
			files = (
			);
			inputFileListPaths = (
				"${PODS_ROOT}/Target Support Files/Pods-Chaya/Pods-Chaya-frameworks-${CONFIGURATION}-input-files.xcfilelist",
			);
			name = "[CP] Embed Pods Frameworks";
			outputFileListPaths = (
				"${PODS_ROOT}/Target Support Files/Pods-Chaya/Pods-Chaya-frameworks-${CONFIGURATION}-output-files.xcfilelist",
			);
			runOnlyForDeploymentPostprocessing = 0;
			shellPath = /bin/sh;
			shellScript = "\"${PODS_ROOT}/Target Support Files/Pods-Chaya/Pods-Chaya-frameworks.sh\"\n";
			showEnvVarsInLog = 0;
		};
/* End PBXShellScriptBuildPhase section */

/* Begin PBXSourcesBuildPhase section */
		0DE93746244921E900EC702B /* Sources */ = {
			isa = PBXSourcesBuildPhase;
			buildActionMask = 2147483647;
			files = (
				0D806D1A244F7F8A0071E10A /* ActiveListViewController.swift in Sources */,
				0DE937662449275400EC702B /* IconTableViewController.swift in Sources */,
				0DE9374E244921E900EC702B /* AppDelegate.swift in Sources */,
				0DE937642449272B00EC702B /* Task.swift in Sources */,
				0DB1C6DC244A854F005CD4B3 /* OnboardingContentViewController.swift in Sources */,
				0DCA21DB245B27610093155A /* AddNewItemViewController.swift in Sources */,
				0DE93750244921E900EC702B /* SceneDelegate.swift in Sources */,
				0D14C71A2456D855009D4E2F /* CustomeTableViewCell.swift in Sources */,
				0DB1C6E0244A8595005CD4B3 /* OnboardingViewController.swift in Sources */,
				0D806D1C244F817D0071E10A /* Item.swift in Sources */,
				0DE937622449270000EC702B /* Catagory.swift in Sources */,
				0D9A322A245DFD40002A0082 /* CustomeItemTableViewCell.swift in Sources */,
				0DCFAADD244D619900442AE6 /* HomeViewController.swift in Sources */,
				0D127EDD245AF4420020E3FF /* TaskListViewController.swift in Sources */,
				0DCA21D9245B20F80093155A /* NewTaskListViewController.swift in Sources */,
				0DB1C6DE244A857A005CD4B3 /* OnboardingPageViewController.swift in Sources */,
			);
			runOnlyForDeploymentPostprocessing = 0;
		};
/* End PBXSourcesBuildPhase section */

/* Begin PBXVariantGroup section */
		0DE93753244921E900EC702B /* Main.storyboard */ = {
			isa = PBXVariantGroup;
			children = (
				0DE93754244921E900EC702B /* Base */,
			);
			name = Main.storyboard;
			sourceTree = "<group>";
		};
		0DE937582449220000EC702B /* LaunchScreen.storyboard */ = {
			isa = PBXVariantGroup;
			children = (
				0DE937592449220000EC702B /* Base */,
			);
			name = LaunchScreen.storyboard;
			sourceTree = "<group>";
		};
/* End PBXVariantGroup section */

/* Begin XCBuildConfiguration section */
		0DE9375C2449220000EC702B /* Debug */ = {
			isa = XCBuildConfiguration;
			buildSettings = {
				ALWAYS_SEARCH_USER_PATHS = NO;
				CLANG_ANALYZER_NONNULL = YES;
				CLANG_ANALYZER_NUMBER_OBJECT_CONVERSION = YES_AGGRESSIVE;
				CLANG_CXX_LANGUAGE_STANDARD = "gnu++14";
				CLANG_CXX_LIBRARY = "libc++";
				CLANG_ENABLE_MODULES = YES;
				CLANG_ENABLE_OBJC_ARC = YES;
				CLANG_ENABLE_OBJC_WEAK = YES;
				CLANG_WARN_BLOCK_CAPTURE_AUTORELEASING = YES;
				CLANG_WARN_BOOL_CONVERSION = YES;
				CLANG_WARN_COMMA = YES;
				CLANG_WARN_CONSTANT_CONVERSION = YES;
				CLANG_WARN_DEPRECATED_OBJC_IMPLEMENTATIONS = YES;
				CLANG_WARN_DIRECT_OBJC_ISA_USAGE = YES_ERROR;
				CLANG_WARN_DOCUMENTATION_COMMENTS = YES;
				CLANG_WARN_EMPTY_BODY = YES;
				CLANG_WARN_ENUM_CONVERSION = YES;
				CLANG_WARN_INFINITE_RECURSION = YES;
				CLANG_WARN_INT_CONVERSION = YES;
				CLANG_WARN_NON_LITERAL_NULL_CONVERSION = YES;
				CLANG_WARN_OBJC_IMPLICIT_RETAIN_SELF = YES;
				CLANG_WARN_OBJC_LITERAL_CONVERSION = YES;
				CLANG_WARN_OBJC_ROOT_CLASS = YES_ERROR;
				CLANG_WARN_RANGE_LOOP_ANALYSIS = YES;
				CLANG_WARN_STRICT_PROTOTYPES = YES;
				CLANG_WARN_SUSPICIOUS_MOVE = YES;
				CLANG_WARN_UNGUARDED_AVAILABILITY = YES_AGGRESSIVE;
				CLANG_WARN_UNREACHABLE_CODE = YES;
				CLANG_WARN__DUPLICATE_METHOD_MATCH = YES;
				COPY_PHASE_STRIP = NO;
				DEBUG_INFORMATION_FORMAT = dwarf;
				ENABLE_STRICT_OBJC_MSGSEND = YES;
				ENABLE_TESTABILITY = YES;
				GCC_C_LANGUAGE_STANDARD = gnu11;
				GCC_DYNAMIC_NO_PIC = NO;
				GCC_NO_COMMON_BLOCKS = YES;
				GCC_OPTIMIZATION_LEVEL = 0;
				GCC_PREPROCESSOR_DEFINITIONS = (
					"DEBUG=1",
					"$(inherited)",
				);
				GCC_WARN_64_TO_32_BIT_CONVERSION = YES;
				GCC_WARN_ABOUT_RETURN_TYPE = YES_ERROR;
				GCC_WARN_UNDECLARED_SELECTOR = YES;
				GCC_WARN_UNINITIALIZED_AUTOS = YES_AGGRESSIVE;
				GCC_WARN_UNUSED_FUNCTION = YES;
				GCC_WARN_UNUSED_VARIABLE = YES;
				IPHONEOS_DEPLOYMENT_TARGET = 13.2;
				MTL_ENABLE_DEBUG_INFO = INCLUDE_SOURCE;
				MTL_FAST_MATH = YES;
				ONLY_ACTIVE_ARCH = YES;
				SDKROOT = iphoneos;
				SWIFT_ACTIVE_COMPILATION_CONDITIONS = DEBUG;
				SWIFT_OPTIMIZATION_LEVEL = "-Onone";
			};
			name = Debug;
		};
		0DE9375D2449220000EC702B /* Release */ = {
			isa = XCBuildConfiguration;
			buildSettings = {
				ALWAYS_SEARCH_USER_PATHS = NO;
				CLANG_ANALYZER_NONNULL = YES;
				CLANG_ANALYZER_NUMBER_OBJECT_CONVERSION = YES_AGGRESSIVE;
				CLANG_CXX_LANGUAGE_STANDARD = "gnu++14";
				CLANG_CXX_LIBRARY = "libc++";
				CLANG_ENABLE_MODULES = YES;
				CLANG_ENABLE_OBJC_ARC = YES;
				CLANG_ENABLE_OBJC_WEAK = YES;
				CLANG_WARN_BLOCK_CAPTURE_AUTORELEASING = YES;
				CLANG_WARN_BOOL_CONVERSION = YES;
				CLANG_WARN_COMMA = YES;
				CLANG_WARN_CONSTANT_CONVERSION = YES;
				CLANG_WARN_DEPRECATED_OBJC_IMPLEMENTATIONS = YES;
				CLANG_WARN_DIRECT_OBJC_ISA_USAGE = YES_ERROR;
				CLANG_WARN_DOCUMENTATION_COMMENTS = YES;
				CLANG_WARN_EMPTY_BODY = YES;
				CLANG_WARN_ENUM_CONVERSION = YES;
				CLANG_WARN_INFINITE_RECURSION = YES;
				CLANG_WARN_INT_CONVERSION = YES;
				CLANG_WARN_NON_LITERAL_NULL_CONVERSION = YES;
				CLANG_WARN_OBJC_IMPLICIT_RETAIN_SELF = YES;
				CLANG_WARN_OBJC_LITERAL_CONVERSION = YES;
				CLANG_WARN_OBJC_ROOT_CLASS = YES_ERROR;
				CLANG_WARN_RANGE_LOOP_ANALYSIS = YES;
				CLANG_WARN_STRICT_PROTOTYPES = YES;
				CLANG_WARN_SUSPICIOUS_MOVE = YES;
				CLANG_WARN_UNGUARDED_AVAILABILITY = YES_AGGRESSIVE;
				CLANG_WARN_UNREACHABLE_CODE = YES;
				CLANG_WARN__DUPLICATE_METHOD_MATCH = YES;
				COPY_PHASE_STRIP = NO;
				DEBUG_INFORMATION_FORMAT = "dwarf-with-dsym";
				ENABLE_NS_ASSERTIONS = NO;
				ENABLE_STRICT_OBJC_MSGSEND = YES;
				GCC_C_LANGUAGE_STANDARD = gnu11;
				GCC_NO_COMMON_BLOCKS = YES;
				GCC_WARN_64_TO_32_BIT_CONVERSION = YES;
				GCC_WARN_ABOUT_RETURN_TYPE = YES_ERROR;
				GCC_WARN_UNDECLARED_SELECTOR = YES;
				GCC_WARN_UNINITIALIZED_AUTOS = YES_AGGRESSIVE;
				GCC_WARN_UNUSED_FUNCTION = YES;
				GCC_WARN_UNUSED_VARIABLE = YES;
				IPHONEOS_DEPLOYMENT_TARGET = 13.2;
				MTL_ENABLE_DEBUG_INFO = NO;
				MTL_FAST_MATH = YES;
				SDKROOT = iphoneos;
				SWIFT_COMPILATION_MODE = wholemodule;
				SWIFT_OPTIMIZATION_LEVEL = "-O";
				VALIDATE_PRODUCT = YES;
			};
			name = Release;
		};
		0DE9375F2449220000EC702B /* Debug */ = {
			isa = XCBuildConfiguration;
			baseConfigurationReference = CC154C56730005C8295B0B9C /* Pods-Chaya.debug.xcconfig */;
			buildSettings = {
				ASSETCATALOG_COMPILER_APPICON_NAME = AppIcon;
				CODE_SIGN_STYLE = Automatic;
				INFOPLIST_FILE = Chaya/Info.plist;
				LD_RUNPATH_SEARCH_PATHS = (
					"$(inherited)",
					"@executable_path/Frameworks",
				);
				PRODUCT_BUNDLE_IDENTIFIER = bd.gov.gameapp.Chaya;
				PRODUCT_NAME = "$(TARGET_NAME)";
				SWIFT_VERSION = 5.0;
				TARGETED_DEVICE_FAMILY = "1,2";
			};
			name = Debug;
		};
		0DE937602449220000EC702B /* Release */ = {
			isa = XCBuildConfiguration;
			baseConfigurationReference = 5CFD03B94B3F45EDC63F7ED9 /* Pods-Chaya.release.xcconfig */;
			buildSettings = {
				ASSETCATALOG_COMPILER_APPICON_NAME = AppIcon;
				CODE_SIGN_STYLE = Automatic;
				INFOPLIST_FILE = Chaya/Info.plist;
				LD_RUNPATH_SEARCH_PATHS = (
					"$(inherited)",
					"@executable_path/Frameworks",
				);
				PRODUCT_BUNDLE_IDENTIFIER = bd.gov.gameapp.Chaya;
				PRODUCT_NAME = "$(TARGET_NAME)";
				SWIFT_VERSION = 5.0;
				TARGETED_DEVICE_FAMILY = "1,2";
			};
			name = Release;
		};
/* End XCBuildConfiguration section */

/* Begin XCConfigurationList section */
		0DE93745244921E800EC702B /* Build configuration list for PBXProject "Chaya" */ = {
			isa = XCConfigurationList;
			buildConfigurations = (
				0DE9375C2449220000EC702B /* Debug */,
				0DE9375D2449220000EC702B /* Release */,
			);
			defaultConfigurationIsVisible = 0;
			defaultConfigurationName = Release;
		};
		0DE9375E2449220000EC702B /* Build configuration list for PBXNativeTarget "Chaya" */ = {
			isa = XCConfigurationList;
			buildConfigurations = (
				0DE9375F2449220000EC702B /* Debug */,
				0DE937602449220000EC702B /* Release */,
			);
			defaultConfigurationIsVisible = 0;
			defaultConfigurationName = Release;
		};
/* End XCConfigurationList section */
	};
	rootObject = 0DE93742244921E800EC702B /* Project object */;
}
